
Microsoft Visual Studio Solution File, Format Version 12.00
# Visual Studio Version 17
VisualStudioVersion = 17.3.32804.467
MinimumVisualStudioVersion = 10.0.40219.1
Project("{FAE04EC0-301F-11D3-BF4B-00C04F79EFBC}") = "Exercicio1", "Exercicio1\Exercicio1.csproj", "{DDE6C8EA-E16D-4C75-A48B-693655CAAD76}"
EndProject
Global
	GlobalSection(SolutionConfigurationPlatforms) = preSolution
		Debug|Any CPU = Debug|Any CPU
		Release|Any CPU = Release|Any CPU
	EndGlobalSection
	GlobalSection(ProjectConfigurationPlatforms) = postSolution
		{DDE6C8EA-E16D-4C75-A48B-693655CAAD76}.Debug|Any CPU.ActiveCfg = Debug|Any CPU
		{DDE6C8EA-E16D-4C75-A48B-693655CAAD76}.Debug|Any CPU.Build.0 = Debug|Any CPU
		{DDE6C8EA-E16D-4C75-A48B-693655CAAD76}.Release|Any CPU.ActiveCfg = Release|Any CPU
		{DDE6C8EA-E16D-4C75-A48B-693655CAAD76}.Release|Any CPU.Build.0 = Release|Any CPU
	EndGlobalSection
	GlobalSection(SolutionProperties) = preSolution
		HideSolutionNode = FALSE
	EndGlobalSection
	GlobalSection(ExtensibilityGlobals) = postSolution
		SolutionGuid = {DF1CE6C8-80CB-4A2F-B439-15CF1279B88C}
	EndGlobalSection
EndGlobal
