
Microsoft Visual Studio Solution File, Format Version 12.00
# Visual Studio Version 17
VisualStudioVersion = 17.3.32804.467
MinimumVisualStudioVersion = 10.0.40219.1
Project("{FAE04EC0-301F-11D3-BF4B-00C04F79EFBC}") = "Conta_bancaria", "Conta_bancaria\Conta_bancaria.csproj", "{535EB041-57DE-4861-8A33-985A47DA97A2}"
EndProject
Global
	GlobalSection(SolutionConfigurationPlatforms) = preSolution
		Debug|Any CPU = Debug|Any CPU
		Release|Any CPU = Release|Any CPU
	EndGlobalSection
	GlobalSection(ProjectConfigurationPlatforms) = postSolution
		{535EB041-57DE-4861-8A33-985A47DA97A2}.Debug|Any CPU.ActiveCfg = Debug|Any CPU
		{535EB041-57DE-4861-8A33-985A47DA97A2}.Debug|Any CPU.Build.0 = Debug|Any CPU
		{535EB041-57DE-4861-8A33-985A47DA97A2}.Release|Any CPU.ActiveCfg = Release|Any CPU
		{535EB041-57DE-4861-8A33-985A47DA97A2}.Release|Any CPU.Build.0 = Release|Any CPU
	EndGlobalSection
	GlobalSection(SolutionProperties) = preSolution
		HideSolutionNode = FALSE
	EndGlobalSection
	GlobalSection(ExtensibilityGlobals) = postSolution
		SolutionGuid = {47AB9664-2147-4284-9E54-338D41496E46}
	EndGlobalSection
EndGlobal
