
Microsoft Visual Studio Solution File, Format Version 12.00
# Visual Studio Version 17
VisualStudioVersion = 17.3.32804.467
MinimumVisualStudioVersion = 10.0.40219.1
Project("{FAE04EC0-301F-11D3-BF4B-00C04F79EFBC}") = "Exercicio11", "Exercicio11\Exercicio11.csproj", "{A7AA6674-AFC6-4AA4-8513-A77B732CB231}"
EndProject
Global
	GlobalSection(SolutionConfigurationPlatforms) = preSolution
		Debug|Any CPU = Debug|Any CPU
		Release|Any CPU = Release|Any CPU
	EndGlobalSection
	GlobalSection(ProjectConfigurationPlatforms) = postSolution
		{A7AA6674-AFC6-4AA4-8513-A77B732CB231}.Debug|Any CPU.ActiveCfg = Debug|Any CPU
		{A7AA6674-AFC6-4AA4-8513-A77B732CB231}.Debug|Any CPU.Build.0 = Debug|Any CPU
		{A7AA6674-AFC6-4AA4-8513-A77B732CB231}.Release|Any CPU.ActiveCfg = Release|Any CPU
		{A7AA6674-AFC6-4AA4-8513-A77B732CB231}.Release|Any CPU.Build.0 = Release|Any CPU
	EndGlobalSection
	GlobalSection(SolutionProperties) = preSolution
		HideSolutionNode = FALSE
	EndGlobalSection
	GlobalSection(ExtensibilityGlobals) = postSolution
		SolutionGuid = {9E1B32E1-D40F-4A12-8904-D82D2955D867}
	EndGlobalSection
EndGlobal
