
Microsoft Visual Studio Solution File, Format Version 12.00
# Visual Studio Version 17
VisualStudioVersion = 17.3.32804.467
MinimumVisualStudioVersion = 10.0.40219.1
Project("{FAE04EC0-301F-11D3-BF4B-00C04F79EFBC}") = "Exercicio3", "Exercicio3\Exercicio3.csproj", "{84946D86-44C2-45CA-AFD8-3587E09772AB}"
EndProject
Global
	GlobalSection(SolutionConfigurationPlatforms) = preSolution
		Debug|Any CPU = Debug|Any CPU
		Release|Any CPU = Release|Any CPU
	EndGlobalSection
	GlobalSection(ProjectConfigurationPlatforms) = postSolution
		{84946D86-44C2-45CA-AFD8-3587E09772AB}.Debug|Any CPU.ActiveCfg = Debug|Any CPU
		{84946D86-44C2-45CA-AFD8-3587E09772AB}.Debug|Any CPU.Build.0 = Debug|Any CPU
		{84946D86-44C2-45CA-AFD8-3587E09772AB}.Release|Any CPU.ActiveCfg = Release|Any CPU
		{84946D86-44C2-45CA-AFD8-3587E09772AB}.Release|Any CPU.Build.0 = Release|Any CPU
	EndGlobalSection
	GlobalSection(SolutionProperties) = preSolution
		HideSolutionNode = FALSE
	EndGlobalSection
	GlobalSection(ExtensibilityGlobals) = postSolution
		SolutionGuid = {C9659385-D8B2-4D97-A7CC-A1C466B5AC34}
	EndGlobalSection
EndGlobal
