
Microsoft Visual Studio Solution File, Format Version 12.00
# Visual Studio Version 16
VisualStudioVersion = 16.0.30503.244
MinimumVisualStudioVersion = 10.0.40219.1
Project("{FAE04EC0-301F-11D3-BF4B-00C04F79EFBC}") = "Exercicio_Teste(novo_componente)", "Exercicio_Teste(novo_componente)\Exercicio_Teste(novo_componente).csproj", "{D5A1818F-BCDC-4F62-AE15-5D2BF4C22077}"
EndProject
Global
	GlobalSection(SolutionConfigurationPlatforms) = preSolution
		Debug|Any CPU = Debug|Any CPU
		Release|Any CPU = Release|Any CPU
	EndGlobalSection
	GlobalSection(ProjectConfigurationPlatforms) = postSolution
		{D5A1818F-BCDC-4F62-AE15-5D2BF4C22077}.Debug|Any CPU.ActiveCfg = Debug|Any CPU
		{D5A1818F-BCDC-4F62-AE15-5D2BF4C22077}.Debug|Any CPU.Build.0 = Debug|Any CPU
		{D5A1818F-BCDC-4F62-AE15-5D2BF4C22077}.Release|Any CPU.ActiveCfg = Release|Any CPU
		{D5A1818F-BCDC-4F62-AE15-5D2BF4C22077}.Release|Any CPU.Build.0 = Release|Any CPU
	EndGlobalSection
	GlobalSection(SolutionProperties) = preSolution
		HideSolutionNode = FALSE
	EndGlobalSection
	GlobalSection(ExtensibilityGlobals) = postSolution
		SolutionGuid = {F0AA01DA-1D5D-40CE-966B-30669023D05D}
	EndGlobalSection
EndGlobal
