
Microsoft Visual Studio Solution File, Format Version 12.00
# Visual Studio Version 17
VisualStudioVersion = 17.3.32804.467
MinimumVisualStudioVersion = 10.0.40219.1
Project("{FAE04EC0-301F-11D3-BF4B-00C04F79EFBC}") = "Exercicio$", "Exercicio$\Exercicio$.csproj", "{22B43CD7-1D99-49DA-8210-9BB04076B08A}"
EndProject
Global
	GlobalSection(SolutionConfigurationPlatforms) = preSolution
		Debug|Any CPU = Debug|Any CPU
		Release|Any CPU = Release|Any CPU
	EndGlobalSection
	GlobalSection(ProjectConfigurationPlatforms) = postSolution
		{22B43CD7-1D99-49DA-8210-9BB04076B08A}.Debug|Any CPU.ActiveCfg = Debug|Any CPU
		{22B43CD7-1D99-49DA-8210-9BB04076B08A}.Debug|Any CPU.Build.0 = Debug|Any CPU
		{22B43CD7-1D99-49DA-8210-9BB04076B08A}.Release|Any CPU.ActiveCfg = Release|Any CPU
		{22B43CD7-1D99-49DA-8210-9BB04076B08A}.Release|Any CPU.Build.0 = Release|Any CPU
	EndGlobalSection
	GlobalSection(SolutionProperties) = preSolution
		HideSolutionNode = FALSE
	EndGlobalSection
	GlobalSection(ExtensibilityGlobals) = postSolution
		SolutionGuid = {F805D818-742C-4AED-9637-138A4DEA4B55}
	EndGlobalSection
EndGlobal
