
Microsoft Visual Studio Solution File, Format Version 12.00
# Visual Studio Version 17
VisualStudioVersion = 17.2.32630.192
MinimumVisualStudioVersion = 10.0.40219.1
Project("{FAE04EC0-301F-11D3-BF4B-00C04F79EFBC}") = "Exercicio3", "Exercicio3\Exercicio3.csproj", "{9B915C70-1530-4D30-A70D-E2D559960C78}"
EndProject
Global
	GlobalSection(SolutionConfigurationPlatforms) = preSolution
		Debug|Any CPU = Debug|Any CPU
		Release|Any CPU = Release|Any CPU
	EndGlobalSection
	GlobalSection(ProjectConfigurationPlatforms) = postSolution
		{9B915C70-1530-4D30-A70D-E2D559960C78}.Debug|Any CPU.ActiveCfg = Debug|Any CPU
		{9B915C70-1530-4D30-A70D-E2D559960C78}.Debug|Any CPU.Build.0 = Debug|Any CPU
		{9B915C70-1530-4D30-A70D-E2D559960C78}.Release|Any CPU.ActiveCfg = Release|Any CPU
		{9B915C70-1530-4D30-A70D-E2D559960C78}.Release|Any CPU.Build.0 = Release|Any CPU
	EndGlobalSection
	GlobalSection(SolutionProperties) = preSolution
		HideSolutionNode = FALSE
	EndGlobalSection
	GlobalSection(ExtensibilityGlobals) = postSolution
		SolutionGuid = {142D0820-75D5-4977-85FD-8A58C49BB65E}
	EndGlobalSection
EndGlobal
