
Microsoft Visual Studio Solution File, Format Version 12.00
# Visual Studio Version 16
VisualStudioVersion = 16.0.30503.244
MinimumVisualStudioVersion = 10.0.40219.1
Project("{FAE04EC0-301F-11D3-BF4B-00C04F79EFBC}") = "Exercicio8", "Exercicio8\Exercicio8.csproj", "{0019CDD7-3E2A-4A3D-AD4A-D8AA115163FF}"
EndProject
Global
	GlobalSection(SolutionConfigurationPlatforms) = preSolution
		Debug|Any CPU = Debug|Any CPU
		Release|Any CPU = Release|Any CPU
	EndGlobalSection
	GlobalSection(ProjectConfigurationPlatforms) = postSolution
		{0019CDD7-3E2A-4A3D-AD4A-D8AA115163FF}.Debug|Any CPU.ActiveCfg = Debug|Any CPU
		{0019CDD7-3E2A-4A3D-AD4A-D8AA115163FF}.Debug|Any CPU.Build.0 = Debug|Any CPU
		{0019CDD7-3E2A-4A3D-AD4A-D8AA115163FF}.Release|Any CPU.ActiveCfg = Release|Any CPU
		{0019CDD7-3E2A-4A3D-AD4A-D8AA115163FF}.Release|Any CPU.Build.0 = Release|Any CPU
	EndGlobalSection
	GlobalSection(SolutionProperties) = preSolution
		HideSolutionNode = FALSE
	EndGlobalSection
	GlobalSection(ExtensibilityGlobals) = postSolution
		SolutionGuid = {0D098DE8-6E6C-4EBC-8A65-9960D7A153CC}
	EndGlobalSection
EndGlobal
